PODS:
  - AWSCore (2.38.2)
  - AWSS3 (2.38.2):
    - AWSCore (= 2.38.2)

DEPENDENCIES:
  - AWSCore
  - AWSS3

SPEC REPOS:
  trunk:
    - AWSCore
    - AWSS3

SPEC CHECKSUMS:
  AWSCore: 3050429c24c43fdf05960b83bec6b89c54a1e2fd
  AWSS3: 4d5ed1e07620ef516095f70e4cb1340d62bf8702

PODFILE CHECKSUM: e281b03e8fbbdb7ee556e92f207574dcc0ebb682

COCOAPODS: 1.16.2
