{
  "originHash" : "e9b33a7f9bf8eaf643d58c067e32ac9f70d0faddbe313217a19e970ed039fc08",
  "pins" : [
    {
      "identity" : "aws-sdk-ios-spm",
      "kind" : "remoteSourceControl",
      "location" : "https://github.com/aws-amplify/aws-sdk-ios-spm",
      "state" : {
        "revision" : "512a43ed2770957d40618ad415a9826e6dd99ea9",
        "version" : "2.40.1"
      }
    },
    {
      "identity" : "swiftanthropic",
      "kind" : "remoteSourceControl",
      "location" : "https://github.com/jamesrochabrun/SwiftAnthropic",
      "state" : {
        "revision" : "7262ced65e890ea5311193b849786344432d8fa7",
        "version" : "1.8.6"
      }
    }
  ],
  "version" : 3
}
